// !$*UTF8*$!
{
	archiveVersion = 1;
	classes = {
	};
	objectVersion = 46;
	objects = {

/* Begin PBXBuildFile section */
		F038FE561E0CC500000242DE /* DTJSConstants.h in Headers */ = {isa = PBXBuildFile; fileRef = F038FE551E0CC4EC000242DE /* DTJSConstants.h */; };
		F039782A1DF1F99600001C50 /* DTJSExportTests.m in Sources */ = {isa = PBXBuildFile; fileRef = F03978291DF1F99600001C50 /* DTJSExportTests.m */; };
		F03BBCE51D7235A0006558B5 /* DTJSValueInternal.h in Headers */ = {isa = PBXBuildFile; fileRef = F03BBCE31D7235A0006558B5 /* DTJSValueInternal.h */; };
		F0A7D9951D70C08A004FF294 /* JSSources in Resources */ = {isa = PBXBuildFile; fileRef = F0A7D9941D70C08A004FF294 /* JSSources */; };
		F0AD8BBE1DE21315004AF394 /* DTJSContext.m in Sources */ = {isa = PBXBuildFile; fileRef = F0AD8BBD1DE21315004AF394 /* DTJSContext.m */; };
		F0AD8BC21DE21371004AF394 /* DTJSContext.h in Headers */ = {isa = PBXBuildFile; fileRef = F0AD8BC11DE21371004AF394 /* DTJSContext.h */; settings = {ATTRIBUTES = (Public, ); }; };
		F0AD8BC51DE213FA004AF394 /* DTJSExporter.h in Headers */ = {isa = PBXBuildFile; fileRef = F0AD8BC31DE213FA004AF394 /* DTJSExporter.h */; };
		F0AD8BC61DE213FA004AF394 /* DTJSExporter.m in Sources */ = {isa = PBXBuildFile; fileRef = F0AD8BC41DE213FA004AF394 /* DTJSExporter.m */; };
		F0B502051D700A2200043156 /* DTJavaScriptCore.h in Headers */ = {isa = PBXBuildFile; fileRef = F0B502041D700A2200043156 /* DTJavaScriptCore.h */; settings = {ATTRIBUTES = (Public, ); }; };
		F0B5020C1D700A2200043156 /* DTJavaScriptCore.framework in Frameworks */ = {isa = PBXBuildFile; fileRef = F0B502011D700A2200043156 /* DTJavaScriptCore.framework */; };
		F0B502111D700A2200043156 /* DTJavaScriptCoreTests.m in Sources */ = {isa = PBXBuildFile; fileRef = F0B502101D700A2200043156 /* DTJavaScriptCoreTests.m */; };
		F0B502311D700A5300043156 /* duk_config.h in Headers */ = {isa = PBXBuildFile; fileRef = F0B502241D700A5300043156 /* duk_config.h */; };
		F0B502321D700A5300043156 /* duktape.h in Headers */ = {isa = PBXBuildFile; fileRef = F0B502251D700A5300043156 /* duktape.h */; };
		F0B502341D700A5300043156 /* libDukTapePhoneSimulator.a in Frameworks */ = {isa = PBXBuildFile; fileRef = F0B502271D700A5300043156 /* libDukTapePhoneSimulator.a */; };
		F0B502501D700DE200043156 /* DTJSDebug.h in Headers */ = {isa = PBXBuildFile; fileRef = F0B502491D700DE200043156 /* DTJSDebug.h */; };
		F0B502511D700DE200043156 /* DTJSValue.h in Headers */ = {isa = PBXBuildFile; fileRef = F0B5024A1D700DE200043156 /* DTJSValue.h */; settings = {ATTRIBUTES = (Public, ); }; };
		F0B502521D700DE200043156 /* DTJSValue.m in Sources */ = {isa = PBXBuildFile; fileRef = F0B5024B1D700DE200043156 /* DTJSValue.m */; };
		F0B502531D700DE200043156 /* DTJSVirtualMachine.h in Headers */ = {isa = PBXBuildFile; fileRef = F0B5024C1D700DE200043156 /* DTJSVirtualMachine.h */; };
		F0B502541D700DE200043156 /* DTJSVirtualMachine.m in Sources */ = {isa = PBXBuildFile; fileRef = F0B5024D1D700DE200043156 /* DTJSVirtualMachine.m */; };
		F0B502561D700E2F00043156 /* DTJSContextTests.m in Sources */ = {isa = PBXBuildFile; fileRef = F0B502551D700E2F00043156 /* DTJSContextTests.m */; };
		F0B7181B1DD606D0003441F0 /* DTJSContextInternal.h in Headers */ = {isa = PBXBuildFile; fileRef = F0B7181A1DD606D0003441F0 /* DTJSContextInternal.h */; };
/* End PBXBuildFile section */

/* Begin PBXContainerItemProxy section */
		F0B5020D1D700A2200043156 /* PBXContainerItemProxy */ = {
			isa = PBXContainerItemProxy;
			containerPortal = F0B501F81D700A2200043156 /* Project object */;
			proxyType = 1;
			remoteGlobalIDString = F0B502001D700A2200043156;
			remoteInfo = DTJavaScriptCore;
		};
/* End PBXContainerItemProxy section */

/* Begin PBXFileReference section */
		F038FE551E0CC4EC000242DE /* DTJSConstants.h */ = {isa = PBXFileReference; lastKnownFileType = sourcecode.c.h; path = DTJSConstants.h; sourceTree = "<group>"; };
		F03978291DF1F99600001C50 /* DTJSExportTests.m */ = {isa = PBXFileReference; fileEncoding = 4; lastKnownFileType = sourcecode.c.objc; path = DTJSExportTests.m; sourceTree = "<group>"; };
		F03BBCE31D7235A0006558B5 /* DTJSValueInternal.h */ = {isa = PBXFileReference; fileEncoding = 4; lastKnownFileType = sourcecode.c.h; path = DTJSValueInternal.h; sourceTree = "<group>"; };
		F0A7D9941D70C08A004FF294 /* JSSources */ = {isa = PBXFileReference; lastKnownFileType = folder; path = JSSources; sourceTree = "<group>"; };
		F0AD8BBD1DE21315004AF394 /* DTJSContext.m */ = {isa = PBXFileReference; fileEncoding = 4; lastKnownFileType = sourcecode.c.objc; path = DTJSContext.m; sourceTree = "<group>"; };
		F0AD8BC11DE21371004AF394 /* DTJSContext.h */ = {isa = PBXFileReference; fileEncoding = 4; lastKnownFileType = sourcecode.c.h; path = DTJSContext.h; sourceTree = "<group>"; };
		F0AD8BC31DE213FA004AF394 /* DTJSExporter.h */ = {isa = PBXFileReference; fileEncoding = 4; lastKnownFileType = sourcecode.c.h; path = DTJSExporter.h; sourceTree = "<group>"; };
		F0AD8BC41DE213FA004AF394 /* DTJSExporter.m */ = {isa = PBXFileReference; explicitFileType = sourcecode.c.objc; fileEncoding = 4; path = DTJSExporter.m; sourceTree = "<group>"; };
		F0B502011D700A2200043156 /* DTJavaScriptCore.framework */ = {isa = PBXFileReference; explicitFileType = wrapper.framework; includeInIndex = 0; path = DTJavaScriptCore.framework; sourceTree = BUILT_PRODUCTS_DIR; };
		F0B502041D700A2200043156 /* DTJavaScriptCore.h */ = {isa = PBXFileReference; lastKnownFileType = sourcecode.c.h; path = DTJavaScriptCore.h; sourceTree = "<group>"; };
		F0B502061D700A2200043156 /* Info.plist */ = {isa = PBXFileReference; lastKnownFileType = text.plist.xml; path = Info.plist; sourceTree = "<group>"; };
		F0B5020B1D700A2200043156 /* DTJavaScriptCoreTests.xctest */ = {isa = PBXFileReference; explicitFileType = wrapper.cfbundle; includeInIndex = 0; path = DTJavaScriptCoreTests.xctest; sourceTree = BUILT_PRODUCTS_DIR; };
		F0B502101D700A2200043156 /* DTJavaScriptCoreTests.m */ = {isa = PBXFileReference; lastKnownFileType = sourcecode.c.objc; path = DTJavaScriptCoreTests.m; sourceTree = "<group>"; };
		F0B502121D700A2200043156 /* Info.plist */ = {isa = PBXFileReference; lastKnownFileType = text.plist.xml; path = Info.plist; sourceTree = "<group>"; };
		F0B502241D700A5300043156 /* duk_config.h */ = {isa = PBXFileReference; fileEncoding = 4; lastKnownFileType = sourcecode.c.h; path = duk_config.h; sourceTree = "<group>"; };
		F0B502251D700A5300043156 /* duktape.h */ = {isa = PBXFileReference; fileEncoding = 4; lastKnownFileType = sourcecode.c.h; path = duktape.h; sourceTree = "<group>"; };
		F0B502271D700A5300043156 /* libDukTapePhoneSimulator.a */ = {isa = PBXFileReference; lastKnownFileType = archive.ar; path = libDukTapePhoneSimulator.a; sourceTree = "<group>"; };
		F0B502491D700DE200043156 /* DTJSDebug.h */ = {isa = PBXFileReference; fileEncoding = 4; lastKnownFileType = sourcecode.c.h; path = DTJSDebug.h; sourceTree = "<group>"; };
		F0B5024A1D700DE200043156 /* DTJSValue.h */ = {isa = PBXFileReference; fileEncoding = 4; lastKnownFileType = sourcecode.c.h; path = DTJSValue.h; sourceTree = "<group>"; };
		F0B5024B1D700DE200043156 /* DTJSValue.m */ = {isa = PBXFileReference; fileEncoding = 4; lastKnownFileType = sourcecode.c.objc; path = DTJSValue.m; sourceTree = "<group>"; };
		F0B5024C1D700DE200043156 /* DTJSVirtualMachine.h */ = {isa = PBXFileReference; fileEncoding = 4; lastKnownFileType = sourcecode.c.h; path = DTJSVirtualMachine.h; sourceTree = "<group>"; };
		F0B5024D1D700DE200043156 /* DTJSVirtualMachine.m */ = {isa = PBXFileReference; fileEncoding = 4; lastKnownFileType = sourcecode.c.objc; path = DTJSVirtualMachine.m; sourceTree = "<group>"; };
		F0B502551D700E2F00043156 /* DTJSContextTests.m */ = {isa = PBXFileReference; fileEncoding = 4; lastKnownFileType = sourcecode.c.objc; path = DTJSContextTests.m; sourceTree = "<group>"; };
		F0B7181A1DD606D0003441F0 /* DTJSContextInternal.h */ = {isa = PBXFileReference; fileEncoding = 4; lastKnownFileType = sourcecode.c.h; path = DTJSContextInternal.h; sourceTree = "<group>"; };
/* End PBXFileReference section */

/* Begin PBXFrameworksBuildPhase section */
		F0B501FD1D700A2200043156 /* Frameworks */ = {
			isa = PBXFrameworksBuildPhase;
			buildActionMask = 2147483647;
			files = (
				F0B502341D700A5300043156 /* libDukTapePhoneSimulator.a in Frameworks */,
			);
			runOnlyForDeploymentPostprocessing = 0;
		};
		F0B502081D700A2200043156 /* Frameworks */ = {
			isa = PBXFrameworksBuildPhase;
			buildActionMask = 2147483647;
			files = (
				F0B5020C1D700A2200043156 /* DTJavaScriptCore.framework in Frameworks */,
			);
			runOnlyForDeploymentPostprocessing = 0;
		};
/* End PBXFrameworksBuildPhase section */

/* Begin PBXGroup section */
		F0B501F71D700A2200043156 = {
			isa = PBXGroup;
			children = (
				F0B502031D700A2200043156 /* DTJavaScriptCore */,
				F0B5020F1D700A2200043156 /* DTJavaScriptCoreTests */,
				F0B502021D700A2200043156 /* Products */,
			);
			sourceTree = "<group>";
		};
		F0B502021D700A2200043156 /* Products */ = {
			isa = PBXGroup;
			children = (
				F0B502011D700A2200043156 /* DTJavaScriptCore.framework */,
				F0B5020B1D700A2200043156 /* DTJavaScriptCoreTests.xctest */,
			);
			name = Products;
			sourceTree = "<group>";
		};
		F0B502031D700A2200043156 /* DTJavaScriptCore */ = {
			isa = PBXGroup;
			children = (
				F0B502461D700DE200043156 /* DTJSRuntime */,
				F0B502231D700A5300043156 /* ThirdParty */,
				F0B502041D700A2200043156 /* DTJavaScriptCore.h */,
				F0B502061D700A2200043156 /* Info.plist */,
			);
			path = DTJavaScriptCore;
			sourceTree = "<group>";
		};
		F0B5020F1D700A2200043156 /* DTJavaScriptCoreTests */ = {
			isa = PBXGroup;
			children = (
				F03978291DF1F99600001C50 /* DTJSExportTests.m */,
				F0A7D9941D70C08A004FF294 /* JSSources */,
				F0B502101D700A2200043156 /* DTJavaScriptCoreTests.m */,
				F0B502121D700A2200043156 /* Info.plist */,
				F0B502551D700E2F00043156 /* DTJSContextTests.m */,
			);
			path = DTJavaScriptCoreTests;
			sourceTree = "<group>";
		};
		F0B502231D700A5300043156 /* ThirdParty */ = {
			isa = PBXGroup;
			children = (
				F0B502241D700A5300043156 /* duk_config.h */,
				F0B502251D700A5300043156 /* duktape.h */,
				F0B502271D700A5300043156 /* libDukTapePhoneSimulator.a */,
			);
			path = ThirdParty;
			sourceTree = "<group>";
		};
		F0B502461D700DE200043156 /* DTJSRuntime */ = {
			isa = PBXGroup;
			children = (
				F0AD8BC11DE21371004AF394 /* DTJSContext.h */,
				F0AD8BBD1DE21315004AF394 /* DTJSContext.m */,
				F0B502491D700DE200043156 /* DTJSDebug.h */,
				F0B5024A1D700DE200043156 /* DTJSValue.h */,
				F0B5024B1D700DE200043156 /* DTJSValue.m */,
				F0B5024C1D700DE200043156 /* DTJSVirtualMachine.h */,
				F0B5024D1D700DE200043156 /* DTJSVirtualMachine.m */,
				F03BBCE31D7235A0006558B5 /* DTJSValueInternal.h */,
				F0B7181A1DD606D0003441F0 /* DTJSContextInternal.h */,
				F0AD8BC31DE213FA004AF394 /* DTJSExporter.h */,
				F0AD8BC41DE213FA004AF394 /* DTJSExporter.m */,
				F038FE551E0CC4EC000242DE /* DTJSConstants.h */,
			);
			path = DTJSRuntime;
			sourceTree = "<group>";
		};
/* End PBXGroup section */

/* Begin PBXHeadersBuildPhase section */
		F0B501FE1D700A2200043156 /* Headers */ = {
			isa = PBXHeadersBuildPhase;
			buildActionMask = 2147483647;
			files = (
				F0B502311D700A5300043156 /* duk_config.h in Headers */,
				F0B502511D700DE200043156 /* DTJSValue.h in Headers */,
				F0B502501D700DE200043156 /* DTJSDebug.h in Headers */,
				F0B7181B1DD606D0003441F0 /* DTJSContextInternal.h in Headers */,
				F03BBCE51D7235A0006558B5 /* DTJSValueInternal.h in Headers */,
				F0AD8BC51DE213FA004AF394 /* DTJSExporter.h in Headers */,
				F0B502531D700DE200043156 /* DTJSVirtualMachine.h in Headers */,
				F0B502051D700A2200043156 /* DTJavaScriptCore.h in Headers */,
				F0AD8BC21DE21371004AF394 /* DTJSContext.h in Headers */,
				F038FE561E0CC500000242DE /* DTJSConstants.h in Headers */,
				F0B502321D700A5300043156 /* duktape.h in Headers */,
			);
			runOnlyForDeploymentPostprocessing = 0;
		};
/* End PBXHeadersBuildPhase section */

/* Begin PBXNativeTarget section */
		F0B502001D700A2200043156 /* DTJavaScriptCore */ = {
			isa = PBXNativeTarget;
			buildConfigurationList = F0B502151D700A2200043156 /* Build configuration list for PBXNativeTarget "DTJavaScriptCore" */;
			buildPhases = (
				F0B501FC1D700A2200043156 /* Sources */,
				F0B501FD1D700A2200043156 /* Frameworks */,
				F0B501FE1D700A2200043156 /* Headers */,
				F0B501FF1D700A2200043156 /* Resources */,
			);
			buildRules = (
			);
			dependencies = (
			);
			name = DTJavaScriptCore;
			productName = DTJavaScriptCore;
			productReference = F0B502011D700A2200043156 /* DTJavaScriptCore.framework */;
			productType = "com.apple.product-type.framework";
		};
		F0B5020A1D700A2200043156 /* DTJavaScriptCoreTests */ = {
			isa = PBXNativeTarget;
			buildConfigurationList = F0B502181D700A2200043156 /* Build configuration list for PBXNativeTarget "DTJavaScriptCoreTests" */;
			buildPhases = (
				F0B502071D700A2200043156 /* Sources */,
				F0B502081D700A2200043156 /* Frameworks */,
				F0B502091D700A2200043156 /* Resources */,
			);
			buildRules = (
			);
			dependencies = (
				F0B5020E1D700A2200043156 /* PBXTargetDependency */,
			);
			name = DTJavaScriptCoreTests;
			productName = DTJavaScriptCoreTests;
			productReference = F0B5020B1D700A2200043156 /* DTJavaScriptCoreTests.xctest */;
			productType = "com.apple.product-type.bundle.unit-test";
		};
/* End PBXNativeTarget section */

/* Begin PBXProject section */
		F0B501F81D700A2200043156 /* Project object */ = {
			isa = PBXProject;
			attributes = {
				LastUpgradeCheck = 0810;
				ORGANIZATIONNAME = kony;
				TargetAttributes = {
					F0B502001D700A2200043156 = {
						CreatedOnToolsVersion = 7.3.1;
						ProvisioningStyle = Manual;
					};
					F0B5020A1D700A2200043156 = {
						CreatedOnToolsVersion = 7.3.1;
					};
				};
			};
			buildConfigurationList = F0B501FB1D700A2200043156 /* Build configuration list for PBXProject "DTJavaScriptCore" */;
			compatibilityVersion = "Xcode 3.2";
			developmentRegion = English;
			hasScannedForEncodings = 0;
			knownRegions = (
				en,
			);
			mainGroup = F0B501F71D700A2200043156;
			productRefGroup = F0B502021D700A2200043156 /* Products */;
			projectDirPath = "";
			projectRoot = "";
			targets = (
				F0B502001D700A2200043156 /* DTJavaScriptCore */,
				F0B5020A1D700A2200043156 /* DTJavaScriptCoreTests */,
			);
		};
/* End PBXProject section */

/* Begin PBXResourcesBuildPhase section */
		F0B501FF1D700A2200043156 /* Resources */ = {
			isa = PBXResourcesBuildPhase;
			buildActionMask = 2147483647;
			files = (
			);
			runOnlyForDeploymentPostprocessing = 0;
		};
		F0B502091D700A2200043156 /* Resources */ = {
			isa = PBXResourcesBuildPhase;
			buildActionMask = 2147483647;
			files = (
				F0A7D9951D70C08A004FF294 /* JSSources in Resources */,
			);
			runOnlyForDeploymentPostprocessing = 0;
		};
/* End PBXResourcesBuildPhase section */

/* Begin PBXSourcesBuildPhase section */
		F0B501FC1D700A2200043156 /* Sources */ = {
			isa = PBXSourcesBuildPhase;
			buildActionMask = 2147483647;
			files = (
				F0B502521D700DE200043156 /* DTJSValue.m in Sources */,
				F0AD8BBE1DE21315004AF394 /* DTJSContext.m in Sources */,
				F0AD8BC61DE213FA004AF394 /* DTJSExporter.m in Sources */,
				F0B502541D700DE200043156 /* DTJSVirtualMachine.m in Sources */,
			);
			runOnlyForDeploymentPostprocessing = 0;
		};
		F0B502071D700A2200043156 /* Sources */ = {
			isa = PBXSourcesBuildPhase;
			buildActionMask = 2147483647;
			files = (
				F039782A1DF1F99600001C50 /* DTJSExportTests.m in Sources */,
				F0B502561D700E2F00043156 /* DTJSContextTests.m in Sources */,
				F0B502111D700A2200043156 /* DTJavaScriptCoreTests.m in Sources */,
			);
			runOnlyForDeploymentPostprocessing = 0;
		};
/* End PBXSourcesBuildPhase section */

/* Begin PBXTargetDependency section */
		F0B5020E1D700A2200043156 /* PBXTargetDependency */ = {
			isa = PBXTargetDependency;
			target = F0B502001D700A2200043156 /* DTJavaScriptCore */;
			targetProxy = F0B5020D1D700A2200043156 /* PBXContainerItemProxy */;
		};
/* End PBXTargetDependency section */

/* Begin XCBuildConfiguration section */
		F0B502131D700A2200043156 /* Debug */ = {
			isa = XCBuildConfiguration;
			buildSettings = {
				ALWAYS_SEARCH_USER_PATHS = NO;
				CLANG_ANALYZER_NONNULL = YES;
				CLANG_CXX_LANGUAGE_STANDARD = "gnu++0x";
				CLANG_CXX_LIBRARY = "libc++";
				CLANG_ENABLE_MODULES = YES;
				CLANG_ENABLE_OBJC_ARC = YES;
				CLANG_WARN_BOOL_CONVERSION = YES;
				CLANG_WARN_CONSTANT_CONVERSION = YES;
				CLANG_WARN_DIRECT_OBJC_ISA_USAGE = YES_ERROR;
				CLANG_WARN_EMPTY_BODY = YES;
				CLANG_WARN_ENUM_CONVERSION = YES;
				CLANG_WARN_INFINITE_RECURSION = YES;
				CLANG_WARN_INT_CONVERSION = YES;
				CLANG_WARN_OBJC_ROOT_CLASS = YES_ERROR;
				CLANG_WARN_SUSPICIOUS_MOVE = YES;
				CLANG_WARN_UNREACHABLE_CODE = YES;
				CLANG_WARN__DUPLICATE_METHOD_MATCH = YES;
				"CODE_SIGN_IDENTITY[sdk=iphoneos*]" = "iPhone Developer";
				COPY_PHASE_STRIP = NO;
				CURRENT_PROJECT_VERSION = 1;
				DEBUG_INFORMATION_FORMAT = dwarf;
				ENABLE_STRICT_OBJC_MSGSEND = YES;
				ENABLE_TESTABILITY = YES;
				GCC_C_LANGUAGE_STANDARD = gnu99;
				GCC_DYNAMIC_NO_PIC = NO;
				GCC_NO_COMMON_BLOCKS = YES;
				GCC_OPTIMIZATION_LEVEL = 0;
				GCC_PREPROCESSOR_DEFINITIONS = (
					"DEBUG=1",
					"$(inherited)",
				);
				GCC_WARN_64_TO_32_BIT_CONVERSION = YES;
				GCC_WARN_ABOUT_RETURN_TYPE = YES_ERROR;
				GCC_WARN_UNDECLARED_SELECTOR = YES;
				GCC_WARN_UNINITIALIZED_AUTOS = YES_AGGRESSIVE;
				GCC_WARN_UNUSED_FUNCTION = YES;
				GCC_WARN_UNUSED_VARIABLE = YES;
				IPHONEOS_DEPLOYMENT_TARGET = 9.3;
				MTL_ENABLE_DEBUG_INFO = YES;
				ONLY_ACTIVE_ARCH = YES;
				SDKROOT = iphoneos;
				TARGETED_DEVICE_FAMILY = "1,2";
				VERSIONING_SYSTEM = "apple-generic";
				VERSION_INFO_PREFIX = "";
			};
			name = Debug;
		};
		F0B502141D700A2200043156 /* Release */ = {
			isa = XCBuildConfiguration;
			buildSettings = {
				ALWAYS_SEARCH_USER_PATHS = NO;
				CLANG_ANALYZER_NONNULL = YES;
				CLANG_CXX_LANGUAGE_STANDARD = "gnu++0x";
				CLANG_CXX_LIBRARY = "libc++";
				CLANG_ENABLE_MODULES = YES;
				CLANG_ENABLE_OBJC_ARC = YES;
				CLANG_WARN_BOOL_CONVERSION = YES;
				CLANG_WARN_CONSTANT_CONVERSION = YES;
				CLANG_WARN_DIRECT_OBJC_ISA_USAGE = YES_ERROR;
				CLANG_WARN_EMPTY_BODY = YES;
				CLANG_WARN_ENUM_CONVERSION = YES;
				CLANG_WARN_INFINITE_RECURSION = YES;
				CLANG_WARN_INT_CONVERSION = YES;
				CLANG_WARN_OBJC_ROOT_CLASS = YES_ERROR;
				CLANG_WARN_SUSPICIOUS_MOVE = YES;
				CLANG_WARN_UNREACHABLE_CODE = YES;
				CLANG_WARN__DUPLICATE_METHOD_MATCH = YES;
				"CODE_SIGN_IDENTITY[sdk=iphoneos*]" = "iPhone Developer";
				COPY_PHASE_STRIP = NO;
				CURRENT_PROJECT_VERSION = 1;
				DEBUG_INFORMATION_FORMAT = "dwarf-with-dsym";
				ENABLE_NS_ASSERTIONS = NO;
				ENABLE_STRICT_OBJC_MSGSEND = YES;
				GCC_C_LANGUAGE_STANDARD = gnu99;
				GCC_NO_COMMON_BLOCKS = YES;
				GCC_WARN_64_TO_32_BIT_CONVERSION = YES;
				GCC_WARN_ABOUT_RETURN_TYPE = YES_ERROR;
				GCC_WARN_UNDECLARED_SELECTOR = YES;
				GCC_WARN_UNINITIALIZED_AUTOS = YES_AGGRESSIVE;
				GCC_WARN_UNUSED_FUNCTION = YES;
				GCC_WARN_UNUSED_VARIABLE = YES;
				IPHONEOS_DEPLOYMENT_TARGET = 9.3;
				MTL_ENABLE_DEBUG_INFO = NO;
				SDKROOT = iphoneos;
				TARGETED_DEVICE_FAMILY = "1,2";
				VALIDATE_PRODUCT = YES;
				VERSIONING_SYSTEM = "apple-generic";
				VERSION_INFO_PREFIX = "";
			};
			name = Release;
		};
		F0B502161D700A2200043156 /* Debug */ = {
			isa = XCBuildConfiguration;
			buildSettings = {
				CLANG_ALLOW_NON_MODULAR_INCLUDES_IN_FRAMEWORK_MODULES = YES;
				CLANG_ENABLE_OBJC_ARC = NO;
				CODE_SIGN_IDENTITY = "";
				"CODE_SIGN_IDENTITY[sdk=iphoneos*]" = "";
				DEBUG = YES;
				DEFINES_MODULE = YES;
				DEVELOPMENT_TEAM = "";
				DYLIB_COMPATIBILITY_VERSION = 1;
				DYLIB_CURRENT_VERSION = 1;
				DYLIB_INSTALL_NAME_BASE = "@rpath";
				INFOPLIST_FILE = DTJavaScriptCore/Info.plist;
				INSTALL_PATH = "$(LOCAL_LIBRARY_DIR)/Frameworks";
				LD_RUNPATH_SEARCH_PATHS = "$(inherited) @executable_path/Frameworks @loader_path/Frameworks";
				LIBRARY_SEARCH_PATHS = (
					"$(inherited)",
					"$(PROJECT_DIR)/DTJavaScriptCore/ThirdParty",
				);
				PRODUCT_BUNDLE_IDENTIFIER = com.kony.DTJavaScriptCore;
				PRODUCT_NAME = "$(TARGET_NAME)";
				PROVISIONING_PROFILE = "";
				SKIP_INSTALL = YES;
			};
			name = Debug;
		};
		F0B502171D700A2200043156 /* Release */ = {
			isa = XCBuildConfiguration;
			buildSettings = {
				CLANG_ALLOW_NON_MODULAR_INCLUDES_IN_FRAMEWORK_MODULES = YES;
				CLANG_ENABLE_OBJC_ARC = NO;
				CODE_SIGN_IDENTITY = "";
				"CODE_SIGN_IDENTITY[sdk=iphoneos*]" = "";
				DEBUG = NO;
				DEFINES_MODULE = YES;
				DEVELOPMENT_TEAM = "";
				DYLIB_COMPATIBILITY_VERSION = 1;
				DYLIB_CURRENT_VERSION = 1;
				DYLIB_INSTALL_NAME_BASE = "@rpath";
				INFOPLIST_FILE = DTJavaScriptCore/Info.plist;
				INSTALL_PATH = "$(LOCAL_LIBRARY_DIR)/Frameworks";
				LD_RUNPATH_SEARCH_PATHS = "$(inherited) @executable_path/Frameworks @loader_path/Frameworks";
				LIBRARY_SEARCH_PATHS = (
					"$(inherited)",
					"$(PROJECT_DIR)/DTJavaScriptCore/ThirdParty",
				);
				PRODUCT_BUNDLE_IDENTIFIER = com.kony.DTJavaScriptCore;
				PRODUCT_NAME = "$(TARGET_NAME)";
				PROVISIONING_PROFILE = "";
				SKIP_INSTALL = YES;
			};
			name = Release;
		};
		F0B502191D700A2200043156 /* Debug */ = {
			isa = XCBuildConfiguration;
			buildSettings = {
				CLANG_ALLOW_NON_MODULAR_INCLUDES_IN_FRAMEWORK_MODULES = YES;
				CLANG_ENABLE_OBJC_ARC = NO;
				INFOPLIST_FILE = DTJavaScriptCoreTests/Info.plist;
				LD_RUNPATH_SEARCH_PATHS = "$(inherited) @executable_path/Frameworks @loader_path/Frameworks";
				PRODUCT_BUNDLE_IDENTIFIER = com.kony.DTJavaScriptCoreTests;
				PRODUCT_NAME = "$(TARGET_NAME)";
			};
			name = Debug;
		};
		F0B5021A1D700A2200043156 /* Release */ = {
			isa = XCBuildConfiguration;
			buildSettings = {
				CLANG_ALLOW_NON_MODULAR_INCLUDES_IN_FRAMEWORK_MODULES = YES;
				CLANG_ENABLE_OBJC_ARC = NO;
				INFOPLIST_FILE = DTJavaScriptCoreTests/Info.plist;
				LD_RUNPATH_SEARCH_PATHS = "$(inherited) @executable_path/Frameworks @loader_path/Frameworks";
				PRODUCT_BUNDLE_IDENTIFIER = com.kony.DTJavaScriptCoreTests;
				PRODUCT_NAME = "$(TARGET_NAME)";
			};
			name = Release;
		};
/* End XCBuildConfiguration section */

/* Begin XCConfigurationList section */
		F0B501FB1D700A2200043156 /* Build configuration list for PBXProject "DTJavaScriptCore" */ = {
			isa = XCConfigurationList;
			buildConfigurations = (
				F0B502131D700A2200043156 /* Debug */,
				F0B502141D700A2200043156 /* Release */,
			);
			defaultConfigurationIsVisible = 0;
			defaultConfigurationName = Release;
		};
		F0B502151D700A2200043156 /* Build configuration list for PBXNativeTarget "DTJavaScriptCore" */ = {
			isa = XCConfigurationList;
			buildConfigurations = (
				F0B502161D700A2200043156 /* Debug */,
				F0B502171D700A2200043156 /* Release */,
			);
			defaultConfigurationIsVisible = 0;
			defaultConfigurationName = Release;
		};
		F0B502181D700A2200043156 /* Build configuration list for PBXNativeTarget "DTJavaScriptCoreTests" */ = {
			isa = XCConfigurationList;
			buildConfigurations = (
				F0B502191D700A2200043156 /* Debug */,
				F0B5021A1D700A2200043156 /* Release */,
			);
			defaultConfigurationIsVisible = 0;
			defaultConfigurationName = Release;
		};
/* End XCConfigurationList section */
	};
	rootObject = F0B501F81D700A2200043156 /* Project object */;
}
